
Microsoft Visual Studio Solution File, Format Version 12.00
# Visual Studio Version 18
VisualStudioVersion = 18.3.11505.172
MinimumVisualStudioVersion = 10.0.40219.1
Project("{FAE04EC0-301F-11D3-BF4B-00C04F79EFBC}") = "Integrity-cli", "Integrity-cli.csproj", "{A02ED7CF-31DD-1976-4CEB-89B453098C83}"
EndProject
Project("{FAE04EC0-301F-11D3-BF4B-00C04F79EFBC}") = "TheBleedingDeacons.Unity.Models", "..\..\TheBleedingDeacons.Unity.Models\TheBleedingDeacons.Unity.Models.csproj", "{8A6454EF-6108-7594-7E73-53D4E00B1A0C}"
EndProject
Project("{FAE04EC0-301F-11D3-BF4B-00C04F79EFBC}") = "TheBleedingDeacons.Unity.Client", "..\..\TheBleedingDeacons.Unity.Client\TheBleedingDeacons.Unity.Client.csproj", "{24F4EC6B-F8D4-4888-EA4F-D4F4BDE8D882}"
EndProject
Global
	GlobalSection(SolutionConfigurationPlatforms) = preSolution
		Debug|Any CPU = Debug|Any CPU
		Release|Any CPU = Release|Any CPU
	EndGlobalSection
	GlobalSection(ProjectConfigurationPlatforms) = postSolution
		{A02ED7CF-31DD-1976-4CEB-89B453098C83}.Debug|Any CPU.ActiveCfg = Debug|Any CPU
		{A02ED7CF-31DD-1976-4CEB-89B453098C83}.Debug|Any CPU.Build.0 = Debug|Any CPU
		{A02ED7CF-31DD-1976-4CEB-89B453098C83}.Release|Any CPU.ActiveCfg = Release|Any CPU
		{A02ED7CF-31DD-1976-4CEB-89B453098C83}.Release|Any CPU.Build.0 = Release|Any CPU
		{8A6454EF-6108-7594-7E73-53D4E00B1A0C}.Debug|Any CPU.ActiveCfg = Debug|Any CPU
		{8A6454EF-6108-7594-7E73-53D4E00B1A0C}.Debug|Any CPU.Build.0 = Debug|Any CPU
		{8A6454EF-6108-7594-7E73-53D4E00B1A0C}.Release|Any CPU.ActiveCfg = Release|Any CPU
		{8A6454EF-6108-7594-7E73-53D4E00B1A0C}.Release|Any CPU.Build.0 = Release|Any CPU
		{24F4EC6B-F8D4-4888-EA4F-D4F4BDE8D882}.Debug|Any CPU.ActiveCfg = Debug|Any CPU
		{24F4EC6B-F8D4-4888-EA4F-D4F4BDE8D882}.Debug|Any CPU.Build.0 = Debug|Any CPU
		{24F4EC6B-F8D4-4888-EA4F-D4F4BDE8D882}.Release|Any CPU.ActiveCfg = Release|Any CPU
		{24F4EC6B-F8D4-4888-EA4F-D4F4BDE8D882}.Release|Any CPU.Build.0 = Release|Any CPU
	EndGlobalSection
	GlobalSection(SolutionProperties) = preSolution
		HideSolutionNode = FALSE
	EndGlobalSection
	GlobalSection(ExtensibilityGlobals) = postSolution
		SolutionGuid = {0A1D3D9E-2730-4F04-BEDD-E13E44D9EA4A}
	EndGlobalSection
EndGlobal
